
Microsoft Visual Studio Solution File, Format Version 12.00
Project("{2150E333-8FDC-42A3-9474-1A3956D46DE8}") = "Core", "Core", "{E4107180-EBC1-445C-B82E-0D733BAC54E0}"
EndProject
Project("{2150E333-8FDC-42A3-9474-1A3956D46DE8}") = "Infrastructure", "Infrastructure", "{8E2B39F7-908E-4B65-A531-6F4E9C43FB95}"
EndProject
Project("{2150E333-8FDC-42A3-9474-1A3956D46DE8}") = "Presentation", "Presentation", "{539A0DA8-027B-405A-AF87-2BE3E4328F0B}"
EndProject
Project("{2150E333-8FDC-42A3-9474-1A3956D46DE8}") = "Tests", "Tests", "{06E55DB7-D14E-47D9-AE7A-8DE920A8BDD3}"
EndProject
Project("{FAE04EC0-301F-11D3-BF4B-00C04F79EFBC}") = "Finate.Persistence", "Finate.Persistence\Finate.Persistence.csproj", "{50308301-A798-4EB2-BAA5-A180E4FF4C17}"
EndProject
Project("{FAE04EC0-301F-11D3-BF4B-00C04F79EFBC}") = "Finate.Application", "Finate.Application\Finate.Application.csproj", "{4869DE3C-C746-43BE-A681-0B759181A846}"
EndProject
Project("{FAE04EC0-301F-11D3-BF4B-00C04F79EFBC}") = "Finate.Domain", "Finate.Domain\Finate.Domain.csproj", "{1FF4DD68-7A26-4DD7-B2C6-B668735A5FD8}"
EndProject
Project("{FAE04EC0-301F-11D3-BF4B-00C04F79EFBC}") = "Finate.Web", "Finate.Web\Finate.Web.csproj", "{CF17038C-E27E-4610-96A9-D5DE4E18E563}"
EndProject
Global
	GlobalSection(SolutionConfigurationPlatforms) = preSolution
		Debug|Any CPU = Debug|Any CPU
		Release|Any CPU = Release|Any CPU
	EndGlobalSection
	GlobalSection(NestedProjects) = preSolution
		{50308301-A798-4EB2-BAA5-A180E4FF4C17} = {8E2B39F7-908E-4B65-A531-6F4E9C43FB95}
		{4869DE3C-C746-43BE-A681-0B759181A846} = {E4107180-EBC1-445C-B82E-0D733BAC54E0}
		{1FF4DD68-7A26-4DD7-B2C6-B668735A5FD8} = {E4107180-EBC1-445C-B82E-0D733BAC54E0}
		{CF17038C-E27E-4610-96A9-D5DE4E18E563} = {539A0DA8-027B-405A-AF87-2BE3E4328F0B}
	EndGlobalSection
	GlobalSection(ProjectConfigurationPlatforms) = postSolution
		{50308301-A798-4EB2-BAA5-A180E4FF4C17}.Debug|Any CPU.ActiveCfg = Debug|Any CPU
		{50308301-A798-4EB2-BAA5-A180E4FF4C17}.Debug|Any CPU.Build.0 = Debug|Any CPU
		{50308301-A798-4EB2-BAA5-A180E4FF4C17}.Release|Any CPU.ActiveCfg = Release|Any CPU
		{50308301-A798-4EB2-BAA5-A180E4FF4C17}.Release|Any CPU.Build.0 = Release|Any CPU
		{4869DE3C-C746-43BE-A681-0B759181A846}.Debug|Any CPU.ActiveCfg = Debug|Any CPU
		{4869DE3C-C746-43BE-A681-0B759181A846}.Debug|Any CPU.Build.0 = Debug|Any CPU
		{4869DE3C-C746-43BE-A681-0B759181A846}.Release|Any CPU.ActiveCfg = Release|Any CPU
		{4869DE3C-C746-43BE-A681-0B759181A846}.Release|Any CPU.Build.0 = Release|Any CPU
		{1FF4DD68-7A26-4DD7-B2C6-B668735A5FD8}.Debug|Any CPU.ActiveCfg = Debug|Any CPU
		{1FF4DD68-7A26-4DD7-B2C6-B668735A5FD8}.Debug|Any CPU.Build.0 = Debug|Any CPU
		{1FF4DD68-7A26-4DD7-B2C6-B668735A5FD8}.Release|Any CPU.ActiveCfg = Release|Any CPU
		{1FF4DD68-7A26-4DD7-B2C6-B668735A5FD8}.Release|Any CPU.Build.0 = Release|Any CPU
		{CF17038C-E27E-4610-96A9-D5DE4E18E563}.Debug|Any CPU.ActiveCfg = Debug|Any CPU
		{CF17038C-E27E-4610-96A9-D5DE4E18E563}.Debug|Any CPU.Build.0 = Debug|Any CPU
		{CF17038C-E27E-4610-96A9-D5DE4E18E563}.Release|Any CPU.ActiveCfg = Release|Any CPU
		{CF17038C-E27E-4610-96A9-D5DE4E18E563}.Release|Any CPU.Build.0 = Release|Any CPU
	EndGlobalSection
EndGlobal
